{
  "lockfileVersion": 1,
  "workspaces": {
    "": {
      "name": "claude-plugins",
      "devDependencies": {
        "prettier": "^3.4.0",
        "typescript": "^5.7.0",
      },
    },
    "plugins/creator": {
      "name": "@birdcar/claude-plugin-creator",
      "version": "0.1.0",
    },
    "plugins/octoflow": {
      "name": "@birdcar/claude-plugin-octoflow",
      "version": "0.1.0",
    },
    "plugins/plugin-tools": {
      "name": "@birdcar/claude-plugin-plugin-tools",
      "version": "0.1.0",
    },
  },
  "packages": {
    "@birdcar/claude-plugin-creator": ["@birdcar/claude-plugin-creator@workspace:plugins/creator"],

    "@birdcar/claude-plugin-octoflow": ["@birdcar/claude-plugin-octoflow@workspace:plugins/octoflow"],

    "@birdcar/claude-plugin-plugin-tools": ["@birdcar/claude-plugin-plugin-tools@workspace:plugins/plugin-tools"],

    "prettier": ["prettier@3.7.4", "", { "bin": { "prettier": "bin/prettier.cjs" } }, "sha512-v6UNi1+3hSlVvv8fSaoUbggEM5VErKmmpGA7Pl3HF8V6uKY7rvClBOJlH6yNwQtfTueNkGVpOv/mtWL9L4bgRA=="],

    "typescript": ["typescript@5.9.3", "", { "bin": { "tsc": "bin/tsc", "tsserver": "bin/tsserver" } }, "sha512-jl1vZzPDinLr9eUt3J/t7V6FgNEw9QjvBPdysz9KfQDD41fQrC2Y4vKQdiaUpFT4bXlb1RHhLpp8wtm6M5TgSw=="],
  }
}
