{
  "lockfileVersion": 1,
  "workspaces": {
    "": {
      "name": "claude-plugins",
      "devDependencies": {
        "prettier": "^3.4.0",
        "typescript": "^5.7.0",
      },
    },
    "plugins/creator": {
      "name": "@birdcar/claude-plugin-creator",
      "version": "0.1.0",
    },
    "plugins/dev-commands": {
      "name": "@birdcar/dev-commands",
      "version": "0.1.0",
    },
    "plugins/github-actions-generator": {
      "name": "@birdcar/github-actions-generator",
      "version": "0.1.0",
    },
    "plugins/octoflow": {
      "name": "@birdcar/claude-plugin-octoflow",
      "version": "0.1.0",
    },
    "plugins/plugin-tools": {
      "name": "@birdcar/claude-plugin-plugin-tools",
      "version": "0.1.0",
    },
  },
  "packages": {
    "@birdcar/claude-plugin-creator": ["@birdcar/claude-plugin-creator@workspace:plugins/creator"],

    "@birdcar/claude-plugin-octoflow": ["@birdcar/claude-plugin-octoflow@workspace:plugins/octoflow"],

    "@birdcar/claude-plugin-plugin-tools": ["@birdcar/claude-plugin-plugin-tools@workspace:plugins/plugin-tools"],

    "@birdcar/dev-commands": ["@birdcar/dev-commands@workspace:plugins/dev-commands"],

    "@birdcar/github-actions-generator": ["@birdcar/github-actions-generator@workspace:plugins/github-actions-generator"],

    "prettier": ["prettier@3.8.0", "", { "bin": { "prettier": "bin/prettier.cjs" } }, "sha512-yEPsovQfpxYfgWNhCfECjG5AQaO+K3dp6XERmOepyPDVqcJm+bjyCVO3pmU+nAPe0N5dDvekfGezt/EIiRe1TA=="],

    "typescript": ["typescript@5.9.3", "", { "bin": { "tsc": "bin/tsc", "tsserver": "bin/tsserver" } }, "sha512-jl1vZzPDinLr9eUt3J/t7V6FgNEw9QjvBPdysz9KfQDD41fQrC2Y4vKQdiaUpFT4bXlb1RHhLpp8wtm6M5TgSw=="],
  }
}
