{
  "lockfileVersion": 1,
  "workspaces": {
    "": {
      "name": "claude-plugins",
      "devDependencies": {
        "prettier": "^3.4.0",
        "typescript": "^5.7.0",
      },
    },
    "plugins/customer-voice": {
      "name": "@birdcar/claude-plugin-customer-voice",
      "version": "0.7.0",
    },
    "plugins/dev-commands": {
      "name": "@birdcar/dev-commands",
      "version": "0.1.0",
    },
    "plugins/github-actions-generator": {
      "name": "@birdcar/github-actions-generator",
      "version": "0.1.0",
    },
    "plugins/github-profile": {
      "name": "@birdcar/claude-plugin-github-profile",
      "version": "0.1.0",
    },
    "plugins/home-server": {
      "name": "@birdcar/claude-plugin-home-server",
      "version": "0.1.0",
    },
    "plugins/octoflow": {
      "name": "@birdcar/claude-plugin-octoflow",
      "version": "0.1.0",
    },
    "plugins/repo-structure": {
      "name": "@birdcar/claude-plugin-repo-structure",
      "version": "0.1.0",
    },
    "plugins/skill-forge": {
      "name": "@birdcar/claude-plugin-skill-forge",
      "version": "0.1.0",
    },
  },
  "packages": {
    "@birdcar/claude-plugin-customer-voice": ["@birdcar/claude-plugin-customer-voice@workspace:plugins/customer-voice"],

    "@birdcar/claude-plugin-github-profile": ["@birdcar/claude-plugin-github-profile@workspace:plugins/github-profile"],

    "@birdcar/claude-plugin-home-server": ["@birdcar/claude-plugin-home-server@workspace:plugins/home-server"],

    "@birdcar/claude-plugin-octoflow": ["@birdcar/claude-plugin-octoflow@workspace:plugins/octoflow"],

    "@birdcar/claude-plugin-repo-structure": ["@birdcar/claude-plugin-repo-structure@workspace:plugins/repo-structure"],

    "@birdcar/claude-plugin-skill-forge": ["@birdcar/claude-plugin-skill-forge@workspace:plugins/skill-forge"],

    "@birdcar/dev-commands": ["@birdcar/dev-commands@workspace:plugins/dev-commands"],

    "@birdcar/github-actions-generator": ["@birdcar/github-actions-generator@workspace:plugins/github-actions-generator"],

    "prettier": ["prettier@3.8.0", "", { "bin": { "prettier": "bin/prettier.cjs" } }, "sha512-yEPsovQfpxYfgWNhCfECjG5AQaO+K3dp6XERmOepyPDVqcJm+bjyCVO3pmU+nAPe0N5dDvekfGezt/EIiRe1TA=="],

    "typescript": ["typescript@5.9.3", "", { "bin": { "tsc": "bin/tsc", "tsserver": "bin/tsserver" } }, "sha512-jl1vZzPDinLr9eUt3J/t7V6FgNEw9QjvBPdysz9KfQDD41fQrC2Y4vKQdiaUpFT4bXlb1RHhLpp8wtm6M5TgSw=="],
  }
}
